
Microsoft Visual Studio Solution File, Format Version 12.00
# Visual Studio Version 16
VisualStudioVersion = 16.0.29418.71
MinimumVisualStudioVersion = 10.0.40219.1
Project("{FAE04EC0-301F-11D3-BF4B-00C04F79EFBC}") = "P1", "P1.csproj", "{D341BC51-138C-4FB9-A48E-D2B176268910}"
EndProject
Global
	GlobalSection(SolutionConfigurationPlatforms) = preSolution
		Debug|Any CPU = Debug|Any CPU
		Release|Any CPU = Release|Any CPU
	EndGlobalSection
	GlobalSection(ProjectConfigurationPlatforms) = postSolution
		{D341BC51-138C-4FB9-A48E-D2B176268910}.Debug|Any CPU.ActiveCfg = Debug|Any CPU
		{D341BC51-138C-4FB9-A48E-D2B176268910}.Debug|Any CPU.Build.0 = Debug|Any CPU
		{D341BC51-138C-4FB9-A48E-D2B176268910}.Release|Any CPU.ActiveCfg = Release|Any CPU
		{D341BC51-138C-4FB9-A48E-D2B176268910}.Release|Any CPU.Build.0 = Release|Any CPU
	EndGlobalSection
	GlobalSection(SolutionProperties) = preSolution
		HideSolutionNode = FALSE
	EndGlobalSection
	GlobalSection(ExtensibilityGlobals) = postSolution
		SolutionGuid = {87D84C4B-6D75-4203-8605-8904BAE7760C}
	EndGlobalSection
EndGlobal
