
Microsoft Visual Studio Solution File, Format Version 12.00
# Visual Studio Version 16
VisualStudioVersion = 16.0.29424.173
MinimumVisualStudioVersion = 10.0.40219.1
Project("{FAE04EC0-301F-11D3-BF4B-00C04F79EFBC}") = "Interfaz1_1", "Interfaz1_1.csproj", "{8474865C-2865-4A87-8D54-FEBE958B4148}"
EndProject
Global
	GlobalSection(SolutionConfigurationPlatforms) = preSolution
		Debug|Any CPU = Debug|Any CPU
		Release|Any CPU = Release|Any CPU
	EndGlobalSection
	GlobalSection(ProjectConfigurationPlatforms) = postSolution
		{8474865C-2865-4A87-8D54-FEBE958B4148}.Debug|Any CPU.ActiveCfg = Debug|Any CPU
		{8474865C-2865-4A87-8D54-FEBE958B4148}.Debug|Any CPU.Build.0 = Debug|Any CPU
		{8474865C-2865-4A87-8D54-FEBE958B4148}.Release|Any CPU.ActiveCfg = Release|Any CPU
		{8474865C-2865-4A87-8D54-FEBE958B4148}.Release|Any CPU.Build.0 = Release|Any CPU
	EndGlobalSection
	GlobalSection(SolutionProperties) = preSolution
		HideSolutionNode = FALSE
	EndGlobalSection
	GlobalSection(ExtensibilityGlobals) = postSolution
		SolutionGuid = {5B4CB93C-96C0-458D-83FD-8FFA95F4F9E5}
	EndGlobalSection
EndGlobal
