
Microsoft Visual Studio Solution File, Format Version 12.00
# Visual Studio Version 16
VisualStudioVersion = 16.0.29424.173
MinimumVisualStudioVersion = 10.0.40219.1
Project("{FAE04EC0-301F-11D3-BF4B-00C04F79EFBC}") = "HexToDec", "HexToDec.csproj", "{143FF9AA-35E6-4CF6-AE90-FC6C38C0E90C}"
EndProject
Global
	GlobalSection(SolutionConfigurationPlatforms) = preSolution
		Debug|Any CPU = Debug|Any CPU
		Release|Any CPU = Release|Any CPU
	EndGlobalSection
	GlobalSection(ProjectConfigurationPlatforms) = postSolution
		{143FF9AA-35E6-4CF6-AE90-FC6C38C0E90C}.Debug|Any CPU.ActiveCfg = Debug|Any CPU
		{143FF9AA-35E6-4CF6-AE90-FC6C38C0E90C}.Debug|Any CPU.Build.0 = Debug|Any CPU
		{143FF9AA-35E6-4CF6-AE90-FC6C38C0E90C}.Release|Any CPU.ActiveCfg = Release|Any CPU
		{143FF9AA-35E6-4CF6-AE90-FC6C38C0E90C}.Release|Any CPU.Build.0 = Release|Any CPU
	EndGlobalSection
	GlobalSection(SolutionProperties) = preSolution
		HideSolutionNode = FALSE
	EndGlobalSection
	GlobalSection(ExtensibilityGlobals) = postSolution
		SolutionGuid = {DFDBCAC6-3E30-4A41-B4B0-D113D6D076CC}
	EndGlobalSection
EndGlobal
