
Microsoft Visual Studio Solution File, Format Version 12.00
# Visual Studio Version 16
VisualStudioVersion = 16.0.29418.71
MinimumVisualStudioVersion = 10.0.40219.1
Project("{FAE04EC0-301F-11D3-BF4B-00C04F79EFBC}") = "C2", "C2.csproj", "{DDBCBE46-9D53-4F8A-8243-AFE224F85179}"
EndProject
Global
	GlobalSection(SolutionConfigurationPlatforms) = preSolution
		Debug|Any CPU = Debug|Any CPU
		Release|Any CPU = Release|Any CPU
	EndGlobalSection
	GlobalSection(ProjectConfigurationPlatforms) = postSolution
		{DDBCBE46-9D53-4F8A-8243-AFE224F85179}.Debug|Any CPU.ActiveCfg = Debug|Any CPU
		{DDBCBE46-9D53-4F8A-8243-AFE224F85179}.Debug|Any CPU.Build.0 = Debug|Any CPU
		{DDBCBE46-9D53-4F8A-8243-AFE224F85179}.Release|Any CPU.ActiveCfg = Release|Any CPU
		{DDBCBE46-9D53-4F8A-8243-AFE224F85179}.Release|Any CPU.Build.0 = Release|Any CPU
	EndGlobalSection
	GlobalSection(SolutionProperties) = preSolution
		HideSolutionNode = FALSE
	EndGlobalSection
	GlobalSection(ExtensibilityGlobals) = postSolution
		SolutionGuid = {FEACA320-0A2C-4836-A6DC-F41D1F60078C}
	EndGlobalSection
EndGlobal
