
Microsoft Visual Studio Solution File, Format Version 12.00
# Visual Studio Version 16
VisualStudioVersion = 16.0.29418.71
MinimumVisualStudioVersion = 10.0.40219.1
Project("{FAE04EC0-301F-11D3-BF4B-00C04F79EFBC}") = "C7", "C7.csproj", "{96620252-632E-4A86-9720-D4D45D77935C}"
EndProject
Global
	GlobalSection(SolutionConfigurationPlatforms) = preSolution
		Debug|Any CPU = Debug|Any CPU
		Release|Any CPU = Release|Any CPU
	EndGlobalSection
	GlobalSection(ProjectConfigurationPlatforms) = postSolution
		{96620252-632E-4A86-9720-D4D45D77935C}.Debug|Any CPU.ActiveCfg = Debug|Any CPU
		{96620252-632E-4A86-9720-D4D45D77935C}.Debug|Any CPU.Build.0 = Debug|Any CPU
		{96620252-632E-4A86-9720-D4D45D77935C}.Release|Any CPU.ActiveCfg = Release|Any CPU
		{96620252-632E-4A86-9720-D4D45D77935C}.Release|Any CPU.Build.0 = Release|Any CPU
	EndGlobalSection
	GlobalSection(SolutionProperties) = preSolution
		HideSolutionNode = FALSE
	EndGlobalSection
	GlobalSection(ExtensibilityGlobals) = postSolution
		SolutionGuid = {2CBB325C-C805-4207-AF22-0D23FDE36EB2}
	EndGlobalSection
EndGlobal
