
Microsoft Visual Studio Solution File, Format Version 12.00
# Visual Studio Version 16
VisualStudioVersion = 16.0.29424.173
MinimumVisualStudioVersion = 10.0.40219.1
Project("{FAE04EC0-301F-11D3-BF4B-00C04F79EFBC}") = "TwoSumProblemGoogle", "TwoSumProblemGoogle.csproj", "{84979872-D304-4ED9-ABC6-9A07F08046AA}"
EndProject
Global
	GlobalSection(SolutionConfigurationPlatforms) = preSolution
		Debug|Any CPU = Debug|Any CPU
		Release|Any CPU = Release|Any CPU
	EndGlobalSection
	GlobalSection(ProjectConfigurationPlatforms) = postSolution
		{84979872-D304-4ED9-ABC6-9A07F08046AA}.Debug|Any CPU.ActiveCfg = Debug|Any CPU
		{84979872-D304-4ED9-ABC6-9A07F08046AA}.Debug|Any CPU.Build.0 = Debug|Any CPU
		{84979872-D304-4ED9-ABC6-9A07F08046AA}.Release|Any CPU.ActiveCfg = Release|Any CPU
		{84979872-D304-4ED9-ABC6-9A07F08046AA}.Release|Any CPU.Build.0 = Release|Any CPU
	EndGlobalSection
	GlobalSection(SolutionProperties) = preSolution
		HideSolutionNode = FALSE
	EndGlobalSection
	GlobalSection(ExtensibilityGlobals) = postSolution
		SolutionGuid = {CF27ADAD-C2C2-4038-AF91-0C3A37067B65}
	EndGlobalSection
EndGlobal
